
Microsoft Visual Studio Solution File, Format Version 12.00
# Visual Studio 15
Project("{FAE04EC0-301F-11D3-BF4B-00C04F79EFBC}") = "CosmeticArtAPI", "CosmeticArtAPI\CosmeticArtAPI.csproj", "{A729E34E-D5B9-45EE-A6FA-1762233B038C}"
EndProject
Global
	GlobalSection(SolutionConfigurationPlatforms) = preSolution
		Debug|Any CPU = Debug|Any CPU
		Release|Any CPU = Release|Any CPU
	EndGlobalSection
	GlobalSection(ProjectConfigurationPlatforms) = postSolution
		{A729E34E-D5B9-45EE-A6FA-1762233B038C}.Debug|Any CPU.ActiveCfg = Debug|Any CPU
		{A729E34E-D5B9-45EE-A6FA-1762233B038C}.Debug|Any CPU.Build.0 = Debug|Any CPU
		{A729E34E-D5B9-45EE-A6FA-1762233B038C}.Release|Any CPU.ActiveCfg = Release|Any CPU
		{A729E34E-D5B9-45EE-A6FA-1762233B038C}.Release|Any CPU.Build.0 = Release|Any CPU
	EndGlobalSection
EndGlobal
